
Microsoft Visual Studio Solution File, Format Version 12.00
# Visual Studio Version 17
VisualStudioVersion = 17.8.34322.80
MinimumVisualStudioVersion = 10.0.40219.1
Project("{FAE04EC0-301F-11D3-BF4B-00C04F79EFBC}") = "AdminMode", "AdminMode.csproj", "{DECCF9EF-8561-4A1F-BCCE-851B4506848F}"
EndProject
Global
	GlobalSection(SolutionConfigurationPlatforms) = preSolution
		Debug|Any CPU = Debug|Any CPU
		Release|Any CPU = Release|Any CPU
	EndGlobalSection
	GlobalSection(ProjectConfigurationPlatforms) = postSolution
		{DECCF9EF-8561-4A1F-BCCE-851B4506848F}.Debug|Any CPU.ActiveCfg = Debug|Any CPU
		{DECCF9EF-8561-4A1F-BCCE-851B4506848F}.Debug|Any CPU.Build.0 = Debug|Any CPU
		{DECCF9EF-8561-4A1F-BCCE-851B4506848F}.Release|Any CPU.ActiveCfg = Release|Any CPU
		{DECCF9EF-8561-4A1F-BCCE-851B4506848F}.Release|Any CPU.Build.0 = Release|Any CPU
	EndGlobalSection
	GlobalSection(SolutionProperties) = preSolution
		HideSolutionNode = FALSE
	EndGlobalSection
	GlobalSection(ExtensibilityGlobals) = postSolution
		SolutionGuid = {808575D3-AA94-4665-8327-2DC38978CF97}
	EndGlobalSection
EndGlobal
